#include <iostream>
#include <string>
using namespace std;

// ============================================
//   PAKISTAN VOTING SYSTEM
//   Language: C++ (Basic Level)
//   Concepts: Arrays, Functions, Loops,
//             If/Else, Basic Input/Output
// ============================================

// ---- Constants ----
const int MAX_CANDIDATES = 5;
const int MAX_VOTERS     = 100;

// ---- Global Arrays ----
string candidateNames[MAX_CANDIDATES] = {
    "Imran Khan",
    "Nawaz Sharif",
    "Bilawal Bhutto",
    "Siraj ul Haq",
    "Altaf Hussain"
};

string partyNames[MAX_CANDIDATES] = {
    "Pakistan Tehreek-e-Insaf",
    "Pakistan Muslim League (N)",
    "Pakistan Peoples Party",
    "Jamaat-e-Islami",
    "Muttahida Qaumi Movement"
};

string partySymbols[MAX_CANDIDATES] = {
    "Bat (Chirri)",
    "Sher (Lion)",
    "Teer (Arrow)",
    "Mizan (Scale)",
    "Patang (Kite)"
};

int votes[MAX_CANDIDATES] = {0, 0, 0, 0, 0};

// ---- Voter Records ----
string voterNames[MAX_VOTERS];
string voterCNICs[MAX_VOTERS];
bool   voterHasVoted[MAX_VOTERS];
int    voterCount = 0;

// ---- Admin ----
string adminUsername = "admin";
string adminPassword = "admin123";

// ---- Election Status ----
bool electionOpen = false;

// ============================================
//         HELPER FUNCTIONS
// ============================================

void printLine(int len) {
    for (int i = 0; i < len; i++) cout << "=";
    cout << endl;
}

void printDashes(int len) {
    for (int i = 0; i < len; i++) cout << "-";
    cout << endl;
}

void pause() {
    cout << "\nEnter dabayein jari rakhne ke liye...";
    cin.ignore();
    cin.get();
}

bool isValidCNIC(string cnic) {
    if (cnic.length() != 13) return false;
    for (int i = 0; i < 13; i++) {
        if (cnic[i] < '0' || cnic[i] > '9') return false;
    }
    return true;
}

bool cnicAlreadyRegistered(string cnic) {
    for (int i = 0; i < voterCount; i++) {
        if (voterCNICs[i] == cnic) return true;
    }
    return false;
}

int findVoterByCNIC(string cnic) {
    for (int i = 0; i < voterCount; i++) {
        if (voterCNICs[i] == cnic) return i;
    }
    return -1;
}

int getTotalVotes() {
    int total = 0;
    for (int i = 0; i < MAX_CANDIDATES; i++) {
        total += votes[i];
    }
    return total;
}

int getWinnerIndex() {
    int maxVotes = votes[0];
    int winner   = 0;
    for (int i = 1; i < MAX_CANDIDATES; i++) {
        if (votes[i] > maxVotes) {
            maxVotes = votes[i];
            winner   = i;
        }
    }
    return winner;
}

// ============================================
//         DISPLAY FUNCTIONS
// ============================================

void showBanner() {
    cout << endl;
    printLine(50);
    cout << "      PAKISTAN ELECTRONIC VOTING SYSTEM   " << endl;
    cout << "         Election Commission of Pakistan  " << endl;
    printLine(50);
    cout << endl;
}

void showMainMenu() {
    printLine(42);
    cout << "        MAIN MENU - Main Meno              " << endl;
    printLine(42);
    cout << "1. Voter Registration (Naya Voter)"        << endl;
    cout << "2. Vote Daalein"                           << endl;
    cout << "3. Nataaij Dekheyn (Results)"              << endl;
    cout << "4. Candidates ki List"                     << endl;
    cout << "5. Voters ki List"                         << endl;
    cout << "6. Voter Talash Karein (Search)"           << endl;
    cout << "7. System ke Baare Mein (About)"           << endl;
    cout << "8. Admin Panel"                            << endl;
    cout << "9. Bahar Jayen (Exit)"                     << endl;
    printLine(42);
    cout << "Apna choice likhein (1-9): ";
}

void showCandidatesList() {
    cout << endl;
    printLine(58);
    cout << "           CANDIDATES KI LIST              " << endl;
    printLine(58);
    cout << "No.  Naam              Party                    Nishan" << endl;
    printDashes(58);
    for (int i = 0; i < MAX_CANDIDATES; i++) {
        cout << (i + 1) << ".   ";
        cout << candidateNames[i];
        int nameLen = candidateNames[i].length();
        for (int s = nameLen; s < 18; s++) cout << " ";
        cout << " ";
        string shortParty = partyNames[i];
        if (shortParty.length() > 22) shortParty = shortParty.substr(0, 22);
        cout << shortParty;
        for (int s = shortParty.length(); s < 24; s++) cout << " ";
        cout << partySymbols[i] << endl;
    }
    printLine(58);
}

// ============================================
//         VOTER REGISTRATION
// ============================================

void registerVoter() {
    cout << endl;
    printLine(45);
    cout << "    VOTER REGISTRATION - Naya Voter       " << endl;
    printLine(45);

    if (voterCount >= MAX_VOTERS) {
        cout << "Maafi! Maximum voters limit pohonch gayi (100)." << endl;
        pause();
        return;
    }

    string name, cnic;

    cout << "Apna Poora Naam likhein: ";
    cin.ignore();
    getline(cin, name);

    if (name.length() < 3) {
        cout << "Galat naam! Naam kam se kam 3 harf ka hona chahiye." << endl;
        pause();
        return;
    }

    cout << "Apna CNIC likhein (13 ہندسے bina dash): ";
    cin >> cnic;

    if (!isValidCNIC(cnic)) {
        cout << "Galat CNIC! 13 numbers hone chahiye." << endl;
        pause();
        return;
    }

    if (cnicAlreadyRegistered(cnic)) {
        cout << "Yeh CNIC pehle se registered hai!" << endl;
        pause();
        return;
    }

    voterNames[voterCount]    = name;
    voterCNICs[voterCount]    = cnic;
    voterHasVoted[voterCount] = false;
    voterCount++;

    cout << endl;
    cout << "-----------------------------------" << endl;
    cout << "  Mubarak! Aap register ho gaye!  " << endl;
    cout << "-----------------------------------" << endl;
    cout << "Naam:  " << name << endl;
    cout << "CNIC:  " << cnic.substr(0, 5) << "XXXXXXX" << cnic.substr(12, 1) << endl;
    cout << "Voter Number: " << voterCount << endl;
    cout << "-----------------------------------" << endl;

    pause();
}

// ============================================
//         CAST VOTE
// ============================================

void castVote() {
    cout << endl;
    printLine(45);
    cout << "       VOTE DAALEIN                      " << endl;
    printLine(45);

    if (!electionOpen) {
        cout << "Election abhi shuru nahi hui!" << endl;
        cout << "Admin se rabta karein." << endl;
        pause();
        return;
    }

    if (voterCount == 0) {
        cout << "Koi voter registered nahi hai!" << endl;
        pause();
        return;
    }

    string cnic;
    cout << "Apna CNIC likhein (13 ہندسے): ";
    cin >> cnic;

    int voterIdx = findVoterByCNIC(cnic);

    if (voterIdx == -1) {
        cout << "Aap registered nahi hain!" << endl;
        cout << "Pehle registration karwayein." << endl;
        pause();
        return;
    }

    if (voterHasVoted[voterIdx]) {
        cout << "Aap pehle se vote de chuke hain!" << endl;
        cout << "Ek CNIC par sirf EK vote hota hai." << endl;
        pause();
        return;
    }

    cout << endl;
    cout << "Voter verify ho gaya!" << endl;
    cout << "Naam: " << voterNames[voterIdx] << endl;

    cout << endl;
    printLine(50);
    cout << "           BALLOT PAPER                   " << endl;
    printLine(50);
    cout << "No.  Candidate Naam        Party" << endl;
    printDashes(50);

    for (int i = 0; i < MAX_CANDIDATES; i++) {
        cout << (i + 1) << ".   ";
        cout << candidateNames[i];
        int nameLen = candidateNames[i].length();
        for (int s = nameLen; s < 18; s++) cout << " ";
        cout << " " << partyNames[i] << endl;
    }
    printLine(50);

    int choice;
    cout << "Kis ko vote dena hai? (1-" << MAX_CANDIDATES << "): ";
    cin >> choice;

    if (choice < 1 || choice > MAX_CANDIDATES) {
        cout << "Galat number! 1 se " << MAX_CANDIDATES << " ke darmiyan likhein." << endl;
        pause();
        return;
    }

    cout << endl;
    cout << "Aap ne chunaa: " << candidateNames[choice - 1] << endl;
    cout << "Party:        " << partyNames[choice - 1] << endl;
    cout << "Kya aap sure hain? (1=Haan / 2=Nahi): ";
    int confirm;
    cin >> confirm;

    if (confirm != 1) {
        cout << "Vote cancel kar diya gaya." << endl;
        pause();
        return;
    }

    votes[choice - 1]++;
    voterHasVoted[voterIdx] = true;

    cout << endl;
    cout << "=================================" << endl;
    cout << "  Vote kamyabi se darj ho gaya!  " << endl;
    cout << "  Pakistan Zindabad!              " << endl;
    cout << "=================================" << endl;

    pause();
}

// ============================================
//         SHOW RESULTS
// ============================================

void showResults() {
    cout << endl;
    printLine(55);
    cout << "          NATAAIJ - Election Results      " << endl;
    printLine(55);

    int total = getTotalVotes();
    cout << "Kul Votes Cast:    " << total << endl;
    cout << "Registered Voters: " << voterCount << endl;
    printDashes(55);

    cout << "No.  Candidate           Votes   %     Bar Chart" << endl;
    printDashes(55);

    for (int i = 0; i < MAX_CANDIDATES; i++) {
        double percent = 0;
        if (total > 0) {
            percent = (votes[i] * 100.0) / total;
        }

        cout << (i + 1) << ".   ";
        cout << candidateNames[i];
        int nameLen = candidateNames[i].length();
        for (int s = nameLen; s < 18; s++) cout << " ";

        cout << "  " << votes[i];
        if      (votes[i] < 10)  cout << "     ";
        else if (votes[i] < 100) cout << "    ";
        else                     cout << "   ";

        int pInt = (int)percent;
        if (pInt < 10) cout << " ";
        cout << pInt << "%   ";

        // bar chart using #
        int bars = (int)(percent / 5);
        for (int b = 0; b < bars; b++) cout << "#";
        cout << endl;
    }

    printLine(55);

    if (total == 0) {
        cout << "Abhi koi vote nahi dala gaya." << endl;
    } else {
        int winnerIdx = getWinnerIndex();
        double winPct = (votes[winnerIdx] * 100.0) / total;
        cout << endl;
        cout << "*** WINNER: " << candidateNames[winnerIdx] << " ***" << endl;
        cout << "Party:  " << partyNames[winnerIdx] << endl;
        cout << "Votes:  " << votes[winnerIdx] << " (" << (int)winPct << "%)" << endl;
    }

    printLine(55);
    pause();
}

// ============================================
//         SHOW VOTERS LIST
// ============================================

void showVotersList() {
    cout << endl;
    printLine(52);
    cout << "           VOTERS KI LIST                 " << endl;
    printLine(52);

    if (voterCount == 0) {
        cout << "Koi voter registered nahi hai." << endl;
        pause();
        return;
    }

    cout << "Kul Registered Voters: " << voterCount << endl;
    printDashes(52);
    cout << "No.  Naam               CNIC (Masked)   Status" << endl;
    printDashes(52);

    for (int i = 0; i < voterCount; i++) {
        if (i + 1 < 10) cout << (i + 1) << ".   ";
        else             cout << (i + 1) << ".  ";

        cout << voterNames[i];
        int nameLen = voterNames[i].length();
        for (int s = nameLen; s < 20; s++) cout << " ";

        string masked = voterCNICs[i].substr(0, 5) + "XXXXX" + voterCNICs[i].substr(10, 3);
        cout << masked << "  ";

        if (voterHasVoted[i]) cout << "Vote Diya" << endl;
        else                  cout << "Nahi Diya" << endl;
    }

    printLine(52);
    pause();
}

// ============================================
//         SEARCH VOTER
// ============================================

void searchVoter() {
    cout << endl;
    printLine(45);
    cout << "       VOTER TALASH KAREIN               " << endl;
    printLine(45);

    if (voterCount == 0) {
        cout << "Koi voter registered nahi hai." << endl;
        pause();
        return;
    }

    string cnic;
    cout << "CNIC likhein (13 ہندسے): ";
    cin >> cnic;

    int idx = findVoterByCNIC(cnic);

    if (idx == -1) {
        cout << endl;
        cout << "Yeh CNIC registered nahi hai." << endl;
    } else {
        cout << endl;
        cout << "------- Voter Mila! -------" << endl;
        cout << "Voter No:    " << (idx + 1) << endl;
        cout << "Naam:        " << voterNames[idx] << endl;
        cout << "CNIC:        " << cnic.substr(0,5) << "XXXXXXX" << cnic.substr(12,1) << endl;
        cout << "Vote Status: ";
        if (voterHasVoted[idx]) cout << "Vote de chuka hai." << endl;
        else                    cout << "Abhi vote nahi diya." << endl;
        cout << "---------------------------" << endl;
    }

    pause();
}

// ============================================
//         ABOUT SYSTEM
// ============================================

void showAbout() {
    cout << endl;
    printLine(50);
    cout << "         SYSTEM KE BAARE MEIN             " << endl;
    printLine(50);
    cout << "  Naam:     Pakistan Voting System         " << endl;
    cout << "  Zubaan:   C++ (Basic Level)              " << endl;
    cout << "  Concepts: Arrays, Functions, Loops       " << endl;
    cout << endl;
    cout << "  Features:                                " << endl;
    cout << "  - Voter Registration (CNIC check)        " << endl;
    cout << "  - Secure Voting (1 CNIC = 1 Vote)        " << endl;
    cout << "  - Live Results + Bar Chart               " << endl;
    cout << "  - Candidates List (Party + Symbol)       " << endl;
    cout << "  - Voters List (Masked CNIC)              " << endl;
    cout << "  - Voter Search by CNIC                   " << endl;
    cout << "  - Admin Panel (Start/Stop Election)      " << endl;
    cout << "  - Statistics & Turnout                   " << endl;
    cout << "  - Password Change                        " << endl;
    cout << "  - Votes Reset                            " << endl;
    cout << endl;
    cout << "  Default Admin:                           " << endl;
    cout << "    Username: admin                        " << endl;
    cout << "    Password: admin123                     " << endl;
    printLine(50);
    pause();
}

// ============================================
//         ADMIN PANEL FUNCTIONS
// ============================================

void adminStartElection() {
    if (electionOpen) {
        cout << "Election pehle se shuru hai!" << endl;
    } else if (voterCount == 0) {
        cout << "Koi voter registered nahi! Pehle voters add karein." << endl;
    } else {
        electionOpen = true;
        cout << "Election kamyabi se SHURU ho gayi!" << endl;
        cout << "Ab " << voterCount << " registered voters vote de sakte hain." << endl;
    }
    pause();
}

void adminStopElection() {
    if (!electionOpen) {
        cout << "Election abhi shuru nahi hai!" << endl;
    } else {
        electionOpen = false;
        cout << "Election BAND kar di gayi." << endl;
        cout << "Ab koi vote nahi de sakta." << endl;
    }
    pause();
}

void adminResetVotes() {
    cout << endl;
    cout << "KHABARDAR: Tamaam votes delete ho jayenge!" << endl;
    cout << "Confirm karne ke liye 'RESET' likhein: ";
    string confirm;
    cin >> confirm;

    if (confirm == "RESET") {
        for (int i = 0; i < MAX_CANDIDATES; i++) {
            votes[i] = 0;
        }
        for (int i = 0; i < voterCount; i++) {
            voterHasVoted[i] = false;
        }
        cout << "Tamaam votes reset ho gaye!" << endl;
        cout << "Sab voters ab dobara vote de sakte hain." << endl;
    } else {
        cout << "Reset cancel kar diya." << endl;
    }
    pause();
}

void adminShowStats() {
    cout << endl;
    printLine(45);
    cout << "        ELECTION STATISTICS               " << endl;
    printLine(45);

    int didVote  = 0;
    for (int i = 0; i < voterCount; i++) {
        if (voterHasVoted[i]) didVote++;
    }
    int notVoted = voterCount - didVote;

    double turnout = 0;
    if (voterCount > 0) {
        turnout = (didVote * 100.0) / voterCount;
    }

    cout << "Election Status:    ";
    if (electionOpen) cout << "SHURU HAI (Open)" << endl;
    else              cout << "BAND HAI (Closed)" << endl;

    cout << "Registered Voters:  " << voterCount    << endl;
    cout << "Votes Cast:         " << didVote        << endl;
    cout << "Vote Nahi Diya:     " << notVoted       << endl;
    cout << "Voter Turnout:      " << (int)turnout   << "%" << endl;
    cout << "Total Votes:        " << getTotalVotes() << endl;
    printDashes(45);

    cout << "Turnout Bar: [";
    int bars = (int)(turnout / 5);
    for (int b = 0; b < bars; b++) cout << "#";
    for (int b = bars; b < 20; b++) cout << "-";
    cout << "] " << (int)turnout << "%" << endl;

    printLine(45);
    pause();
}

void adminChangePassword() {
    cout << endl;
    string oldPass, newPass, confirmPass;

    cout << "Purana Password likhein: ";
    cin >> oldPass;

    if (oldPass != adminPassword) {
        cout << "Galat password!" << endl;
        pause();
        return;
    }

    cout << "Naya Password likhein (kam se kam 6 characters): ";
    cin >> newPass;

    if (newPass.length() < 6) {
        cout << "Password bahut chota hai! Kam se kam 6 characters." << endl;
        pause();
        return;
    }

    cout << "Naya Password dobara likhein: ";
    cin >> confirmPass;

    if (newPass != confirmPass) {
        cout << "Dono password match nahi karte!" << endl;
        pause();
        return;
    }

    adminPassword = newPass;
    cout << "Password kamyabi se tabdeel ho gaya!" << endl;
    pause();
}

void adminPanel() {
    cout << endl;
    printLine(40);
    cout << "           ADMIN LOGIN                   " << endl;
    printLine(40);

    string username, password;
    cout << "Username: ";
    cin >> username;
    cout << "Password: ";
    cin >> password;

    if (username != adminUsername || password != adminPassword) {
        cout << "Galat username ya password!" << endl;
        pause();
        return;
    }

    cout << "Admin login kamyab! Khush Amdeed." << endl;

    int choice;
    while (true) {
        cout << endl;
        printLine(42);
        cout << "          ADMIN PANEL                    " << endl;
        printLine(42);
        cout << "1. Election Shuru Karein (Start)"         << endl;
        cout << "2. Election Band Karein (Stop)"           << endl;
        cout << "3. Statistics Dekheyn"                    << endl;
        cout << "4. Sab Votes Reset Karein"                << endl;
        cout << "5. Password Tabdeel Karein"               << endl;
        cout << "6. Candidates List"                       << endl;
        cout << "7. Wapis Jayen (Back)"                    << endl;
        printLine(42);
        cout << "Choice (1-7): ";
        cin >> choice;

        if      (choice == 1) adminStartElection();
        else if (choice == 2) adminStopElection();
        else if (choice == 3) adminShowStats();
        else if (choice == 4) adminResetVotes();
        else if (choice == 5) adminChangePassword();
        else if (choice == 6) { showCandidatesList(); pause(); }
        else if (choice == 7) { cout << "Admin panel se bahar aa gaye." << endl; break; }
        else cout << "Galat choice! 1-7 likhein." << endl;
    }
}

// ============================================
//         MAIN FUNCTION
// ============================================

int main() {
    showBanner();

    cout << "Pakistan Voting System mein Khush Amdeed!" << endl;
    cout << "Admin login: username=admin  password=admin123" << endl;
    cout << "Pehle Admin Panel mein ja kar Election Shuru karein." << endl;

    int choice;

    while (true) {
        showMainMenu();
        cin >> choice;

        if      (choice == 1) registerVoter();
        else if (choice == 2) castVote();
        else if (choice == 3) showResults();
        else if (choice == 4) { showCandidatesList(); pause(); }
        else if (choice == 5) showVotersList();
        else if (choice == 6) searchVoter();
        else if (choice == 7) showAbout();
        else if (choice == 8) adminPanel();
        else if (choice == 9) {
            cout << endl;
            printLine(35);
            cout << "  Shukriya! Pakistan Zindabad!  " << endl;
            printLine(35);
            break;
        } else {
            cout << "Galat choice! 1 se 9 ke darmiyan likhein." << endl;
        }
    }

    return 0;
}
